
Microsoft Visual Studio Solution File, Format Version 12.00
# Visual Studio Version 17
VisualStudioVersion = 17.14.36414.22 d17.14
MinimumVisualStudioVersion = 10.0.40219.1
Project("{FAE04EC0-301F-11D3-BF4B-00C04F79EFBC}") = "KursovyiProject", "KursovyiProject\KursovyiProject.csproj", "{0AF09D27-6908-4C53-A322-2875148CBDA2}"
EndProject
Global
	GlobalSection(SolutionConfigurationPlatforms) = preSolution
		Debug|Any CPU = Debug|Any CPU
		Release|Any CPU = Release|Any CPU
	EndGlobalSection
	GlobalSection(ProjectConfigurationPlatforms) = postSolution
		{0AF09D27-6908-4C53-A322-2875148CBDA2}.Debug|Any CPU.ActiveCfg = Debug|Any CPU
		{0AF09D27-6908-4C53-A322-2875148CBDA2}.Debug|Any CPU.Build.0 = Debug|Any CPU
		{0AF09D27-6908-4C53-A322-2875148CBDA2}.Release|Any CPU.ActiveCfg = Release|Any CPU
		{0AF09D27-6908-4C53-A322-2875148CBDA2}.Release|Any CPU.Build.0 = Release|Any CPU
	EndGlobalSection
	GlobalSection(SolutionProperties) = preSolution
		HideSolutionNode = FALSE
	EndGlobalSection
	GlobalSection(ExtensibilityGlobals) = postSolution
		SolutionGuid = {B68FE420-942A-4CC0-8448-65577434F8D3}
	EndGlobalSection
EndGlobal
